
Microsoft Visual Studio Solution File, Format Version 12.00
# Visual Studio 15
VisualStudioVersion = 15.0.28307.421
MinimumVisualStudioVersion = 10.0.40219.1
Project("{8BC9CEB8-8B4A-11D0-8D11-00A0C91BC942}") = "ob4_linear", "ob4_linear\ob4_linear.vcxproj", "{47887901-A148-4D43-A88C-5CEA3C4AAD33}"
EndProject
Global
	GlobalSection(SolutionConfigurationPlatforms) = preSolution
		Debug|x64 = Debug|x64
		Debug|x86 = Debug|x86
		Release|x64 = Release|x64
		Release|x86 = Release|x86
	EndGlobalSection
	GlobalSection(ProjectConfigurationPlatforms) = postSolution
		{47887901-A148-4D43-A88C-5CEA3C4AAD33}.Debug|x64.ActiveCfg = Debug|x64
		{47887901-A148-4D43-A88C-5CEA3C4AAD33}.Debug|x64.Build.0 = Debug|x64
		{47887901-A148-4D43-A88C-5CEA3C4AAD33}.Debug|x86.ActiveCfg = Debug|Win32
		{47887901-A148-4D43-A88C-5CEA3C4AAD33}.Debug|x86.Build.0 = Debug|Win32
		{47887901-A148-4D43-A88C-5CEA3C4AAD33}.Release|x64.ActiveCfg = Release|x64
		{47887901-A148-4D43-A88C-5CEA3C4AAD33}.Release|x64.Build.0 = Release|x64
		{47887901-A148-4D43-A88C-5CEA3C4AAD33}.Release|x86.ActiveCfg = Release|Win32
		{47887901-A148-4D43-A88C-5CEA3C4AAD33}.Release|x86.Build.0 = Release|Win32
	EndGlobalSection
	GlobalSection(SolutionProperties) = preSolution
		HideSolutionNode = FALSE
	EndGlobalSection
	GlobalSection(ExtensibilityGlobals) = postSolution
		SolutionGuid = {0B12043D-33AD-45ED-B0CF-90F16444E581}
	EndGlobalSection
EndGlobal
